
Microsoft Visual Studio Solution File, Format Version 12.00
# Visual Studio Version 17
VisualStudioVersion = 17.0.31919.166
MinimumVisualStudioVersion = 10.0.40219.1
Project("{9A19103F-16F7-4668-BE54-9A1E7A4F7556}") = "Strong Parser C3", "Strong Parser C3\Strong Parser C3.csproj", "{FC18CB11-1E95-415B-9CE3-FFBE899CB85B}"
EndProject
Global
	GlobalSection(SolutionConfigurationPlatforms) = preSolution
		Debug|Any CPU = Debug|Any CPU
		Release|Any CPU = Release|Any CPU
	EndGlobalSection
	GlobalSection(ProjectConfigurationPlatforms) = postSolution
		{FC18CB11-1E95-415B-9CE3-FFBE899CB85B}.Debug|Any CPU.ActiveCfg = Debug|Any CPU
		{FC18CB11-1E95-415B-9CE3-FFBE899CB85B}.Debug|Any CPU.Build.0 = Debug|Any CPU
		{FC18CB11-1E95-415B-9CE3-FFBE899CB85B}.Release|Any CPU.ActiveCfg = Release|Any CPU
		{FC18CB11-1E95-415B-9CE3-FFBE899CB85B}.Release|Any CPU.Build.0 = Release|Any CPU
	EndGlobalSection
	GlobalSection(SolutionProperties) = preSolution
		HideSolutionNode = FALSE
	EndGlobalSection
	GlobalSection(ExtensibilityGlobals) = postSolution
		SolutionGuid = {C294CA1D-DF2C-490E-AEDA-684925452240}
	EndGlobalSection
EndGlobal
